
Microsoft Visual Studio Solution File, Format Version 12.00
# Visual Studio 15
VisualStudioVersion = 15.0.26228.12
MinimumVisualStudioVersion = 10.0.40219.1
Project("{FAE04EC0-301F-11D3-BF4B-00C04F79EFBC}") = "ComLs", "ComLs\ComLs.csproj", "{97DA2F99-9A52-409A-A686-824977573692}"
EndProject
Project("{FAE04EC0-301F-11D3-BF4B-00C04F79EFBC}") = "Core", "Core\Core.csproj", "{CA114F8F-5C80-425D-8BC5-AE799162FE85}"
EndProject
Project("{2150E333-8FDC-42A3-9474-1A3956D46DE8}") = "Apps", "Apps", "{A6768F0F-B5A3-470C-8FAF-E5355F586F69}"
EndProject
Project("{FAE04EC0-301F-11D3-BF4B-00C04F79EFBC}") = "ComMonitor", "ComMonitor\ComMonitor.csproj", "{1770E9E4-CA70-4005-B444-70D3CFBCC58A}"
EndProject
Project("{FAE04EC0-301F-11D3-BF4B-00C04F79EFBC}") = "Core.Tests", "Core.Tests\Core.Tests.csproj", "{D54C16F9-E522-4451-ABA6-020B0384291A}"
EndProject
Global
	GlobalSection(SolutionConfigurationPlatforms) = preSolution
		Debug|Any CPU = Debug|Any CPU
		Release|Any CPU = Release|Any CPU
	EndGlobalSection
	GlobalSection(ProjectConfigurationPlatforms) = postSolution
		{97DA2F99-9A52-409A-A686-824977573692}.Debug|Any CPU.ActiveCfg = Debug|Any CPU
		{97DA2F99-9A52-409A-A686-824977573692}.Debug|Any CPU.Build.0 = Debug|Any CPU
		{97DA2F99-9A52-409A-A686-824977573692}.Release|Any CPU.ActiveCfg = Release|Any CPU
		{97DA2F99-9A52-409A-A686-824977573692}.Release|Any CPU.Build.0 = Release|Any CPU
		{CA114F8F-5C80-425D-8BC5-AE799162FE85}.Debug|Any CPU.ActiveCfg = Debug|Any CPU
		{CA114F8F-5C80-425D-8BC5-AE799162FE85}.Debug|Any CPU.Build.0 = Debug|Any CPU
		{CA114F8F-5C80-425D-8BC5-AE799162FE85}.Release|Any CPU.ActiveCfg = Release|Any CPU
		{CA114F8F-5C80-425D-8BC5-AE799162FE85}.Release|Any CPU.Build.0 = Release|Any CPU
		{1770E9E4-CA70-4005-B444-70D3CFBCC58A}.Debug|Any CPU.ActiveCfg = Debug|Any CPU
		{1770E9E4-CA70-4005-B444-70D3CFBCC58A}.Debug|Any CPU.Build.0 = Debug|Any CPU
		{1770E9E4-CA70-4005-B444-70D3CFBCC58A}.Release|Any CPU.ActiveCfg = Release|Any CPU
		{1770E9E4-CA70-4005-B444-70D3CFBCC58A}.Release|Any CPU.Build.0 = Release|Any CPU
		{D54C16F9-E522-4451-ABA6-020B0384291A}.Debug|Any CPU.ActiveCfg = Debug|Any CPU
		{D54C16F9-E522-4451-ABA6-020B0384291A}.Debug|Any CPU.Build.0 = Debug|Any CPU
		{D54C16F9-E522-4451-ABA6-020B0384291A}.Release|Any CPU.ActiveCfg = Release|Any CPU
		{D54C16F9-E522-4451-ABA6-020B0384291A}.Release|Any CPU.Build.0 = Release|Any CPU
	EndGlobalSection
	GlobalSection(SolutionProperties) = preSolution
		HideSolutionNode = FALSE
	EndGlobalSection
	GlobalSection(NestedProjects) = preSolution
		{97DA2F99-9A52-409A-A686-824977573692} = {A6768F0F-B5A3-470C-8FAF-E5355F586F69}
		{1770E9E4-CA70-4005-B444-70D3CFBCC58A} = {A6768F0F-B5A3-470C-8FAF-E5355F586F69}
	EndGlobalSection
EndGlobal
